
Microsoft Visual Studio Solution File, Format Version 12.00
# Visual Studio Version 17
VisualStudioVersion = 17.0.32126.317
MinimumVisualStudioVersion = 10.0.40219.1
Project("{8BC9CEB8-8B4A-11D0-8D11-00A0C91BC942}") = "GameTreeTemplate", "GameTreeTemplate\GameTreeTemplate.vcxproj", "{C5F3A084-325F-4B31-ACF6-2233563CF0BF}"
EndProject
Project("{8BC9CEB8-8B4A-11D0-8D11-00A0C91BC942}") = "GameTreeTemplateLib", "GameTreeTemplateLib\GameTreeTemplateLib.vcxproj", "{81B68A91-9A57-4485-AA57-C1828E60F3EB}"
EndProject
Project("{8BC9CEB8-8B4A-11D0-8D11-00A0C91BC942}") = "GameTreeTemplateTest", "GameTreeTemplateTest\GameTreeTemplateTest.vcxproj", "{D33193E2-885E-47C1-A63C-76EEFFE7EDA6}"
EndProject
Project("{8BC9CEB8-8B4A-11D0-8D11-00A0C91BC942}") = "GobbletGobblers", "GobbletGobblers\GobbletGobblers.vcxproj", "{1F767A80-46C6-4741-88FB-BA9821EF1CEE}"
EndProject
Global
	GlobalSection(SolutionConfigurationPlatforms) = preSolution
		Debug|x64 = Debug|x64
		Debug|x86 = Debug|x86
		Release|x64 = Release|x64
		Release|x86 = Release|x86
	EndGlobalSection
	GlobalSection(ProjectConfigurationPlatforms) = postSolution
		{C5F3A084-325F-4B31-ACF6-2233563CF0BF}.Debug|x64.ActiveCfg = Debug|x64
		{C5F3A084-325F-4B31-ACF6-2233563CF0BF}.Debug|x64.Build.0 = Debug|x64
		{C5F3A084-325F-4B31-ACF6-2233563CF0BF}.Debug|x86.ActiveCfg = Debug|x64
		{C5F3A084-325F-4B31-ACF6-2233563CF0BF}.Debug|x86.Build.0 = Debug|x64
		{C5F3A084-325F-4B31-ACF6-2233563CF0BF}.Release|x64.ActiveCfg = Release|x64
		{C5F3A084-325F-4B31-ACF6-2233563CF0BF}.Release|x64.Build.0 = Release|x64
		{C5F3A084-325F-4B31-ACF6-2233563CF0BF}.Release|x86.ActiveCfg = Release|x64
		{C5F3A084-325F-4B31-ACF6-2233563CF0BF}.Release|x86.Build.0 = Release|x64
		{81B68A91-9A57-4485-AA57-C1828E60F3EB}.Debug|x64.ActiveCfg = Debug|x64
		{81B68A91-9A57-4485-AA57-C1828E60F3EB}.Debug|x64.Build.0 = Debug|x64
		{81B68A91-9A57-4485-AA57-C1828E60F3EB}.Debug|x86.ActiveCfg = Debug|Win32
		{81B68A91-9A57-4485-AA57-C1828E60F3EB}.Debug|x86.Build.0 = Debug|Win32
		{81B68A91-9A57-4485-AA57-C1828E60F3EB}.Release|x64.ActiveCfg = Release|x64
		{81B68A91-9A57-4485-AA57-C1828E60F3EB}.Release|x64.Build.0 = Release|x64
		{81B68A91-9A57-4485-AA57-C1828E60F3EB}.Release|x86.ActiveCfg = Release|Win32
		{81B68A91-9A57-4485-AA57-C1828E60F3EB}.Release|x86.Build.0 = Release|Win32
		{D33193E2-885E-47C1-A63C-76EEFFE7EDA6}.Debug|x64.ActiveCfg = Debug|x64
		{D33193E2-885E-47C1-A63C-76EEFFE7EDA6}.Debug|x64.Build.0 = Debug|x64
		{D33193E2-885E-47C1-A63C-76EEFFE7EDA6}.Debug|x86.ActiveCfg = Debug|Win32
		{D33193E2-885E-47C1-A63C-76EEFFE7EDA6}.Debug|x86.Build.0 = Debug|Win32
		{D33193E2-885E-47C1-A63C-76EEFFE7EDA6}.Release|x64.ActiveCfg = Release|x64
		{D33193E2-885E-47C1-A63C-76EEFFE7EDA6}.Release|x64.Build.0 = Release|x64
		{D33193E2-885E-47C1-A63C-76EEFFE7EDA6}.Release|x86.ActiveCfg = Release|Win32
		{D33193E2-885E-47C1-A63C-76EEFFE7EDA6}.Release|x86.Build.0 = Release|Win32
		{1F767A80-46C6-4741-88FB-BA9821EF1CEE}.Debug|x64.ActiveCfg = Debug|x64
		{1F767A80-46C6-4741-88FB-BA9821EF1CEE}.Debug|x64.Build.0 = Debug|x64
		{1F767A80-46C6-4741-88FB-BA9821EF1CEE}.Debug|x86.ActiveCfg = Debug|Win32
		{1F767A80-46C6-4741-88FB-BA9821EF1CEE}.Debug|x86.Build.0 = Debug|Win32
		{1F767A80-46C6-4741-88FB-BA9821EF1CEE}.Release|x64.ActiveCfg = Release|x64
		{1F767A80-46C6-4741-88FB-BA9821EF1CEE}.Release|x64.Build.0 = Release|x64
		{1F767A80-46C6-4741-88FB-BA9821EF1CEE}.Release|x86.ActiveCfg = Release|Win32
		{1F767A80-46C6-4741-88FB-BA9821EF1CEE}.Release|x86.Build.0 = Release|Win32
	EndGlobalSection
	GlobalSection(SolutionProperties) = preSolution
		HideSolutionNode = FALSE
	EndGlobalSection
	GlobalSection(ExtensibilityGlobals) = postSolution
		SolutionGuid = {2B9D5573-64C3-4E34-B499-9F4ED709D802}
	EndGlobalSection
EndGlobal
